# THIS IS AN AUTOGENERATED FILE. DO NOT EDIT THIS FILE DIRECTLY.
# yarn lockfile v1


globally@^0.0.0:
  version "0.0.0"
  resolved "https://registry.yarnpkg.com/globally/-/globally-0.0.0.tgz#410d2a5e39050759e60e3f4d262ca16cdd714a4e"
  integrity sha512-tYG+DbE1S3kqNI4Cy7ZZ3hrniG9uOAlOWnqZVg952NFIktni+UUGSYbuwdPDuykfh/xy3G0h+OXpgqsVsJN6gQ==

typescript@^4.9.3:
  version "4.9.3"
  resolved "https://registry.yarnpkg.com/typescript/-/typescript-4.9.3.tgz#3aea307c1746b8c384435d8ac36b8a2e580d85db"
  integrity sha512-CIfGzTelbKNEnLpLdGFgdyKhG23CKdKgQPOBc+OUNrkJ2vr+KSzsSV5kq5iWhEQbok+quxgGzrAtGWCyU7tHnA==
